
Microsoft Visual Studio Solution File, Format Version 12.00
# Visual Studio Version 17
VisualStudioVersion = 17.7.34024.191
MinimumVisualStudioVersion = 10.0.40219.1
Project("{FAE04EC0-301F-11D3-BF4B-00C04F79EFBC}") = "EGXMonitoring.Server", "EGXMonitoring\Server\EGXMonitoring.Server.csproj", "{C0E2A3C1-0DCA-44B6-B61D-033ECED44486}"
EndProject
Project("{FAE04EC0-301F-11D3-BF4B-00C04F79EFBC}") = "EGXMonitoring.Client", "EGXMonitoring\Client\EGXMonitoring.Client.csproj", "{31956645-3194-4EB8-A1F3-E22B2BDA2629}"
EndProject
Project("{FAE04EC0-301F-11D3-BF4B-00C04F79EFBC}") = "EGXMonitoring.Shared", "EGXMonitoring\Shared\EGXMonitoring.Shared.csproj", "{971ED93E-33E6-4CB8-B658-612518312A85}"
EndProject
Global
	GlobalSection(SolutionConfigurationPlatforms) = preSolution
		Debug|Any CPU = Debug|Any CPU
		Release|Any CPU = Release|Any CPU
	EndGlobalSection
	GlobalSection(ProjectConfigurationPlatforms) = postSolution
		{C0E2A3C1-0DCA-44B6-B61D-033ECED44486}.Debug|Any CPU.ActiveCfg = Debug|Any CPU
		{C0E2A3C1-0DCA-44B6-B61D-033ECED44486}.Debug|Any CPU.Build.0 = Debug|Any CPU
		{C0E2A3C1-0DCA-44B6-B61D-033ECED44486}.Release|Any CPU.ActiveCfg = Release|Any CPU
		{C0E2A3C1-0DCA-44B6-B61D-033ECED44486}.Release|Any CPU.Build.0 = Release|Any CPU
		{31956645-3194-4EB8-A1F3-E22B2BDA2629}.Debug|Any CPU.ActiveCfg = Debug|Any CPU
		{31956645-3194-4EB8-A1F3-E22B2BDA2629}.Debug|Any CPU.Build.0 = Debug|Any CPU
		{31956645-3194-4EB8-A1F3-E22B2BDA2629}.Release|Any CPU.ActiveCfg = Release|Any CPU
		{31956645-3194-4EB8-A1F3-E22B2BDA2629}.Release|Any CPU.Build.0 = Release|Any CPU
		{971ED93E-33E6-4CB8-B658-612518312A85}.Debug|Any CPU.ActiveCfg = Debug|Any CPU
		{971ED93E-33E6-4CB8-B658-612518312A85}.Debug|Any CPU.Build.0 = Debug|Any CPU
		{971ED93E-33E6-4CB8-B658-612518312A85}.Release|Any CPU.ActiveCfg = Release|Any CPU
		{971ED93E-33E6-4CB8-B658-612518312A85}.Release|Any CPU.Build.0 = Release|Any CPU
	EndGlobalSection
	GlobalSection(SolutionProperties) = preSolution
		HideSolutionNode = FALSE
	EndGlobalSection
	GlobalSection(ExtensibilityGlobals) = postSolution
		SolutionGuid = {608484D3-B790-469A-8434-E1137D668F72}
	EndGlobalSection
EndGlobal
